
Microsoft Visual Studio Solution File, Format Version 12.00
Project("{FAE04EC0-301F-11D3-BF4B-00C04F79EFBC}") = "CleanCodeProject", "CleanCodeProject\CleanCodeProject.csproj", "{9DEC8255-C8F0-4708-BF69-39654BF73053}"
EndProject
Global
	GlobalSection(SolutionConfigurationPlatforms) = preSolution
		Debug|Any CPU = Debug|Any CPU
		Release|Any CPU = Release|Any CPU
	EndGlobalSection
	GlobalSection(ProjectConfigurationPlatforms) = postSolution
		{9DEC8255-C8F0-4708-BF69-39654BF73053}.Debug|Any CPU.ActiveCfg = Debug|Any CPU
		{9DEC8255-C8F0-4708-BF69-39654BF73053}.Debug|Any CPU.Build.0 = Debug|Any CPU
		{9DEC8255-C8F0-4708-BF69-39654BF73053}.Release|Any CPU.ActiveCfg = Release|Any CPU
		{9DEC8255-C8F0-4708-BF69-39654BF73053}.Release|Any CPU.Build.0 = Release|Any CPU
	EndGlobalSection
EndGlobal
